{
  "name": "customer-area",
  "version": "8.2.4",
  "lockfileVersion": 1,
  "requires": true,
  "dependencies": {
    "blueimp-canvas-to-blob": {
      "version": "3.29.0",
      "resolved": "https://registry.npmjs.org/blueimp-canvas-to-blob/-/blueimp-canvas-to-blob-3.29.0.tgz",
      "integrity": "sha512-0pcSSGxC0QxT+yVkivxIqW0Y4VlO2XSDPofBAqoJ1qJxgH9eiUDLv50Rixij2cDuEfx4M6DpD9UGZpRhT5Q8qg==",
      "optional": true
    },
    "blueimp-file-upload": {
      "version": "github:blueimp/jQuery-File-Upload#7e655a866677184412fe16a512c61c547a1e875c",
      "from": "github:blueimp/jQuery-File-Upload#v10.31.0",
      "requires": {
        "blueimp-canvas-to-blob": "3",
        "blueimp-load-image": "5",
        "blueimp-tmpl": "3"
      }
    },
    "blueimp-load-image": {
      "version": "5.16.0",
      "resolved": "https://registry.npmjs.org/blueimp-load-image/-/blueimp-load-image-5.16.0.tgz",
      "integrity": "sha512-3DUSVdOtlfNRk7moRZuTwDmA3NnG8KIJuLcq3c0J7/BIr6X3Vb/EpX3kUH1joxUhmoVF4uCpDfz7wHkz8pQajA==",
      "optional": true
    },
    "blueimp-tmpl": {
      "version": "3.20.0",
      "resolved": "https://registry.npmjs.org/blueimp-tmpl/-/blueimp-tmpl-3.20.0.tgz",
      "integrity": "sha512-g6ln9L+VX8ZA4WA8mgKMethYH+5teroJ2uOkCvcthy9Y9d9LrQ42OAMn+r3ECKu9CB+xe9GOChlIUJBSxwkI6g==",
      "optional": true
    },
    "bootstrap": {
      "version": "github:twbs/bootstrap#81df608a40bf0629a1dc08e584849bb1e43e0b7a",
      "from": "github:twbs/bootstrap#v3.3.6"
    },
    "bootstrap-slider": {
      "version": "github:seiyria/bootstrap-slider#16ebedebe70584c561bc0d1c5af7e91b93e81ec4",
      "from": "github:seiyria/bootstrap-slider#v10.6.2"
    },
    "font-awesome": {
      "version": "github:FortAwesome/Font-Awesome#a8386aae19e200ddb0f6845b5feeee5eb7013687",
      "from": "github:FortAwesome/Font-Awesome#v4.7.0"
    },
    "jquery": {
      "version": "3.7.1",
      "resolved": "https://registry.npmjs.org/jquery/-/jquery-3.7.1.tgz",
      "integrity": "sha512-m4avr8yL8kmFN8psrbFFFmB/If14iN5o9nw/NgnnM+kybDJpRsAynV2BsfpTYrTRysYUdADVD7CkUUizgkpLfg=="
    },
    "jquery-steps": {
      "version": "github:rstaib/jquery-steps#117f74ead252ee3162b480e72a040b585326cafb",
      "from": "github:rstaib/jquery-steps#1.1.0"
    },
    "jquery.fancytree": {
      "version": "github:mar10/fancytree#354caceec99e5f497b04a3bf57794d0c18f5aef2",
      "from": "github:mar10/fancytree#v2.33.0"
    },
    "jquery.steps": {
      "version": "github:rstaib/jquery-steps#117f74ead252ee3162b480e72a040b585326cafb",
      "from": "github:rstaib/jquery-steps#1.1.0"
    },
    "js-cookie": {
      "version": "github:js-cookie/js-cookie#54962f884e9ae33f93e13ac903ffaf1d5a523598",
      "from": "github:js-cookie/js-cookie#v2.2.1"
    },
    "seiyria-bootstrap-slider": {
      "version": "github:seiyria/bootstrap-slider#16ebedebe70584c561bc0d1c5af7e91b93e81ec4",
      "from": "github:seiyria/bootstrap-slider#v10.6.2"
    },
    "select2": {
      "version": "github:ivaynberg/select2#5765090318c4d382ae56463cfa25ba8ca7bdd495",
      "from": "github:ivaynberg/select2#4.0.12"
    },
    "slick-carousel": {
      "version": "github:kenwheeler/slick#0f40c9d6a02a5c08b5f4dd80fdada3a854a59bee",
      "from": "github:kenwheeler/slick#v1.8.1"
    },
    "summernote": {
      "version": "github:summernote/summernote#a4ef0fffde1873e80a79381df13052c4163871aa",
      "from": "github:summernote/summernote#v0.8.18"
    },
    "summernote-image-attributes": {
      "version": "github:DiemenDesign/summernote-image-attributes#dadcca4dd7c431749f15efea1d032228f4d20091",
      "from": "github:DiemenDesign/summernote-image-attributes#dadcca4dd7c431749f15efea1d032228f4d20091",
      "requires": {
        "summernote": "^0.8.2"
      }
    }
  }
}
